
Microsoft Visual Studio Solution File, Format Version 12.00
# Visual Studio Version 17
VisualStudioVersion = 17.5.002.0
MinimumVisualStudioVersion = 10.0.40219.1
Project("{9A19103F-16F7-4668-BE54-9A1E7A4F7556}") = "corepoint-db-file-error-parser", "corepoint-db-file-error-parser.csproj", "{27F6E4DC-3483-48B8-88A8-8077D8333A6C}"
EndProject
Global
	GlobalSection(SolutionConfigurationPlatforms) = preSolution
		Debug|Any CPU = Debug|Any CPU
		Release|Any CPU = Release|Any CPU
	EndGlobalSection
	GlobalSection(ProjectConfigurationPlatforms) = postSolution
		{27F6E4DC-3483-48B8-88A8-8077D8333A6C}.Debug|Any CPU.ActiveCfg = Debug|Any CPU
		{27F6E4DC-3483-48B8-88A8-8077D8333A6C}.Debug|Any CPU.Build.0 = Debug|Any CPU
		{27F6E4DC-3483-48B8-88A8-8077D8333A6C}.Release|Any CPU.ActiveCfg = Release|Any CPU
		{27F6E4DC-3483-48B8-88A8-8077D8333A6C}.Release|Any CPU.Build.0 = Release|Any CPU
	EndGlobalSection
	GlobalSection(SolutionProperties) = preSolution
		HideSolutionNode = FALSE
	EndGlobalSection
	GlobalSection(ExtensibilityGlobals) = postSolution
		SolutionGuid = {321FA78F-7937-4B8A-BA48-D5D3431701D8}
	EndGlobalSection
EndGlobal
